PODS:
  - ReactorKit (1.1.0):
    - RxSwift (>= 4.0.0)
  - ReSwift (4.0.1)
  - RxCocoa (4.3.1):
    - RxSwift (~> 4.0)
  - RxSwift (4.3.1)
  - SnapKit (4.0.1)
  - Then (2.3.0)

DEPENDENCIES:
  - ReactorKit
  - ReSwift
  - RxCocoa (from `https://github.com/ReactiveX/RxSwift.git`, branch `develop`)
  - RxSwift (from `https://github.com/ReactiveX/RxSwift.git`, branch `develop`)
  - SnapKit (from `https://github.com/SnapKit/SnapKit`, branch `develop`)
  - Then

SPEC REPOS:
  https://github.com/CocoaPods/Specs.git:
    - ReactorKit
    - ReSwift
    - Then

EXTERNAL SOURCES:
  RxCocoa:
    :branch: develop
    :git: https://github.com/ReactiveX/RxSwift.git
  RxSwift:
    :branch: develop
    :git: https://github.com/ReactiveX/RxSwift.git
  SnapKit:
    :branch: develop
    :git: https://github.com/SnapKit/SnapKit

CHECKOUT OPTIONS:
  RxCocoa:
    :commit: d00a19f6813c019e9b9259d614f3111f7716a30d
    :git: https://github.com/ReactiveX/RxSwift.git
  RxSwift:
    :commit: d00a19f6813c019e9b9259d614f3111f7716a30d
    :git: https://github.com/ReactiveX/RxSwift.git
  SnapKit:
    :commit: 0c92c7a9a90ee7a9c71f95f400f86e0d611f757f
    :git: https://github.com/SnapKit/SnapKit

SPEC CHECKSUMS:
  ReactorKit: 26470a9eff5094fae909a30af0be7cd0cf8a182d
  ReSwift: f4012c613e13da7398827fe5aebdb938eaed40a3
  RxCocoa: 78763c7b07d02455598d9fc3c1ad091a28b73635
  RxSwift: fe0fd770a43acdb7d0a53da411c9b892e69bb6e4
  SnapKit: 938d6f0d516de3ac82e07d791163eefea9f39336
  Then: ee21c97b85ff6062b9b0080c9abb1eea46743345

PODFILE CHECKSUM: 1cecac78e3e220f3ae66cf10add70c20d4528e51

COCOAPODS: 1.10.1
